
Microsoft Visual Studio Solution File, Format Version 12.00
# Visual Studio 14
VisualStudioVersion = 14.0.25123.0
MinimumVisualStudioVersion = 10.0.40219.1
Project("{FAE04EC0-301F-11D3-BF4B-00C04F79EFBC}") = "IntroCSharp", "IntroCSharp\IntroCSharp.csproj", "{DF2B12D5-BE48-42A3-9802-C016899700D2}"
EndProject
Project("{FAE04EC0-301F-11D3-BF4B-00C04F79EFBC}") = "Morning Gist", "Morning Gist\Morning Gist.csproj", "{79E5D428-FF76-4DD5-93A1-BC4C80C4F641}"
EndProject
Project("{FAE04EC0-301F-11D3-BF4B-00C04F79EFBC}") = "Loops C++", "C++ Problems\Loops C++.csproj", "{D07E324E-FAF0-4298-AF3C-6D2F673C4946}"
EndProject
Project("{FAE04EC0-301F-11D3-BF4B-00C04F79EFBC}") = "RPS", "RPS\RPS.csproj", "{D8B2B335-5BD6-4D4A-98F8-31C5518367AE}"
EndProject
Project("{FAE04EC0-301F-11D3-BF4B-00C04F79EFBC}") = "Dice Roll Win", "Dice Roll Win\Dice Roll Win.csproj", "{40A3E4FD-3F8E-4521-91C2-5C19A68F824D}"
EndProject
Project("{FAE04EC0-301F-11D3-BF4B-00C04F79EFBC}") = "Coin Flip", "Coin Flip\Coin Flip.csproj", "{BCFA6768-E89B-499D-9654-BE8C6A6DBC85}"
EndProject
Project("{FAE04EC0-301F-11D3-BF4B-00C04F79EFBC}") = "Fibonacci", "Recersive Function\Fibonacci.csproj", "{64CB0832-7230-4CCE-A7C7-73FE8452EA65}"
EndProject
Project("{FAE04EC0-301F-11D3-BF4B-00C04F79EFBC}") = "Interfaces", "Operator Overloading\Interfaces.csproj", "{04CF4999-86A9-4D14-BA42-097FC3F806AE}"
EndProject
Project("{FAE04EC0-301F-11D3-BF4B-00C04F79EFBC}") = "RPS Win", "RPS Win\RPS Win.csproj", "{E11206AE-D102-4ED0-8239-40C28B83B6F0}"
EndProject
Project("{FAE04EC0-301F-11D3-BF4B-00C04F79EFBC}") = "Fight Gamez", "Fight Gamez\Fight Gamez.csproj", "{7FC13886-F04E-4DB1-86E4-E2D57F6199B2}"
EndProject
Project("{FAE04EC0-301F-11D3-BF4B-00C04F79EFBC}") = "WindowsForms", "WindowsForms\WindowsForms.csproj", "{B0F8B524-3964-4A8D-9B19-89F8255FD3A6}"
EndProject
Project("{FAE04EC0-301F-11D3-BF4B-00C04F79EFBC}") = "CombatFSM", "CombatFSM\CombatFSM.csproj", "{7BB1BBEA-7E4D-44DD-9003-5A72F7D429A3}"
EndProject
Project("{FAE04EC0-301F-11D3-BF4B-00C04F79EFBC}") = "SerializationWinForm", "Serialization\SerializationWinForm.csproj", "{5CBB42FE-8E22-48D7-9464-11BC8505CE24}"
EndProject
Project("{FAE04EC0-301F-11D3-BF4B-00C04F79EFBC}") = "SerializationConsole", "SerializationConsole\SerializationConsole.csproj", "{A2C17130-9EFE-4EC8-A421-B20626E24798}"
EndProject
Project("{FAE04EC0-301F-11D3-BF4B-00C04F79EFBC}") = "StopLightFSM", "StopLightFSM\StopLightFSM.csproj", "{D44C949B-5DC6-4F26-A382-EA6CEDE12855}"
EndProject
Project("{FAE04EC0-301F-11D3-BF4B-00C04F79EFBC}") = "Dictionary", "Dictionary\Dictionary.csproj", "{C071AB29-D9A4-4E5F-9ED2-21F8340F8F57}"
EndProject
Project("{FAE04EC0-301F-11D3-BF4B-00C04F79EFBC}") = "Delegates", "Delegates\Delegates.csproj", "{3C34FB4B-45A3-450A-8371-C8B76FD3EF5E}"
EndProject
Global
	GlobalSection(SolutionConfigurationPlatforms) = preSolution
		Debug|Any CPU = Debug|Any CPU
		Release|Any CPU = Release|Any CPU
	EndGlobalSection
	GlobalSection(ProjectConfigurationPlatforms) = postSolution
		{DF2B12D5-BE48-42A3-9802-C016899700D2}.Debug|Any CPU.ActiveCfg = Debug|Any CPU
		{DF2B12D5-BE48-42A3-9802-C016899700D2}.Debug|Any CPU.Build.0 = Debug|Any CPU
		{DF2B12D5-BE48-42A3-9802-C016899700D2}.Release|Any CPU.ActiveCfg = Release|Any CPU
		{DF2B12D5-BE48-42A3-9802-C016899700D2}.Release|Any CPU.Build.0 = Release|Any CPU
		{79E5D428-FF76-4DD5-93A1-BC4C80C4F641}.Debug|Any CPU.ActiveCfg = Debug|Any CPU
		{79E5D428-FF76-4DD5-93A1-BC4C80C4F641}.Debug|Any CPU.Build.0 = Debug|Any CPU
		{79E5D428-FF76-4DD5-93A1-BC4C80C4F641}.Release|Any CPU.ActiveCfg = Release|Any CPU
		{79E5D428-FF76-4DD5-93A1-BC4C80C4F641}.Release|Any CPU.Build.0 = Release|Any CPU
		{D07E324E-FAF0-4298-AF3C-6D2F673C4946}.Debug|Any CPU.ActiveCfg = Debug|Any CPU
		{D07E324E-FAF0-4298-AF3C-6D2F673C4946}.Debug|Any CPU.Build.0 = Debug|Any CPU
		{D07E324E-FAF0-4298-AF3C-6D2F673C4946}.Release|Any CPU.ActiveCfg = Release|Any CPU
		{D07E324E-FAF0-4298-AF3C-6D2F673C4946}.Release|Any CPU.Build.0 = Release|Any CPU
		{D8B2B335-5BD6-4D4A-98F8-31C5518367AE}.Debug|Any CPU.ActiveCfg = Debug|Any CPU
		{D8B2B335-5BD6-4D4A-98F8-31C5518367AE}.Debug|Any CPU.Build.0 = Debug|Any CPU
		{D8B2B335-5BD6-4D4A-98F8-31C5518367AE}.Release|Any CPU.ActiveCfg = Release|Any CPU
		{D8B2B335-5BD6-4D4A-98F8-31C5518367AE}.Release|Any CPU.Build.0 = Release|Any CPU
		{40A3E4FD-3F8E-4521-91C2-5C19A68F824D}.Debug|Any CPU.ActiveCfg = Debug|Any CPU
		{40A3E4FD-3F8E-4521-91C2-5C19A68F824D}.Debug|Any CPU.Build.0 = Debug|Any CPU
		{40A3E4FD-3F8E-4521-91C2-5C19A68F824D}.Release|Any CPU.ActiveCfg = Release|Any CPU
		{40A3E4FD-3F8E-4521-91C2-5C19A68F824D}.Release|Any CPU.Build.0 = Release|Any CPU
		{BCFA6768-E89B-499D-9654-BE8C6A6DBC85}.Debug|Any CPU.ActiveCfg = Debug|Any CPU
		{BCFA6768-E89B-499D-9654-BE8C6A6DBC85}.Debug|Any CPU.Build.0 = Debug|Any CPU
		{BCFA6768-E89B-499D-9654-BE8C6A6DBC85}.Release|Any CPU.ActiveCfg = Release|Any CPU
		{BCFA6768-E89B-499D-9654-BE8C6A6DBC85}.Release|Any CPU.Build.0 = Release|Any CPU
		{64CB0832-7230-4CCE-A7C7-73FE8452EA65}.Debug|Any CPU.ActiveCfg = Debug|Any CPU
		{64CB0832-7230-4CCE-A7C7-73FE8452EA65}.Debug|Any CPU.Build.0 = Debug|Any CPU
		{64CB0832-7230-4CCE-A7C7-73FE8452EA65}.Release|Any CPU.ActiveCfg = Release|Any CPU
		{64CB0832-7230-4CCE-A7C7-73FE8452EA65}.Release|Any CPU.Build.0 = Release|Any CPU
		{04CF4999-86A9-4D14-BA42-097FC3F806AE}.Debug|Any CPU.ActiveCfg = Debug|Any CPU
		{04CF4999-86A9-4D14-BA42-097FC3F806AE}.Debug|Any CPU.Build.0 = Debug|Any CPU
		{04CF4999-86A9-4D14-BA42-097FC3F806AE}.Release|Any CPU.ActiveCfg = Release|Any CPU
		{04CF4999-86A9-4D14-BA42-097FC3F806AE}.Release|Any CPU.Build.0 = Release|Any CPU
		{E11206AE-D102-4ED0-8239-40C28B83B6F0}.Debug|Any CPU.ActiveCfg = Debug|Any CPU
		{E11206AE-D102-4ED0-8239-40C28B83B6F0}.Debug|Any CPU.Build.0 = Debug|Any CPU
		{E11206AE-D102-4ED0-8239-40C28B83B6F0}.Release|Any CPU.ActiveCfg = Release|Any CPU
		{E11206AE-D102-4ED0-8239-40C28B83B6F0}.Release|Any CPU.Build.0 = Release|Any CPU
		{7FC13886-F04E-4DB1-86E4-E2D57F6199B2}.Debug|Any CPU.ActiveCfg = Debug|Any CPU
		{7FC13886-F04E-4DB1-86E4-E2D57F6199B2}.Debug|Any CPU.Build.0 = Debug|Any CPU
		{7FC13886-F04E-4DB1-86E4-E2D57F6199B2}.Release|Any CPU.ActiveCfg = Release|Any CPU
		{7FC13886-F04E-4DB1-86E4-E2D57F6199B2}.Release|Any CPU.Build.0 = Release|Any CPU
		{B0F8B524-3964-4A8D-9B19-89F8255FD3A6}.Debug|Any CPU.ActiveCfg = Debug|Any CPU
		{B0F8B524-3964-4A8D-9B19-89F8255FD3A6}.Debug|Any CPU.Build.0 = Debug|Any CPU
		{B0F8B524-3964-4A8D-9B19-89F8255FD3A6}.Release|Any CPU.ActiveCfg = Release|Any CPU
		{B0F8B524-3964-4A8D-9B19-89F8255FD3A6}.Release|Any CPU.Build.0 = Release|Any CPU
		{7BB1BBEA-7E4D-44DD-9003-5A72F7D429A3}.Debug|Any CPU.ActiveCfg = Debug|Any CPU
		{7BB1BBEA-7E4D-44DD-9003-5A72F7D429A3}.Debug|Any CPU.Build.0 = Debug|Any CPU
		{7BB1BBEA-7E4D-44DD-9003-5A72F7D429A3}.Release|Any CPU.ActiveCfg = Release|Any CPU
		{7BB1BBEA-7E4D-44DD-9003-5A72F7D429A3}.Release|Any CPU.Build.0 = Release|Any CPU
		{5CBB42FE-8E22-48D7-9464-11BC8505CE24}.Debug|Any CPU.ActiveCfg = Debug|Any CPU
		{5CBB42FE-8E22-48D7-9464-11BC8505CE24}.Debug|Any CPU.Build.0 = Debug|Any CPU
		{5CBB42FE-8E22-48D7-9464-11BC8505CE24}.Release|Any CPU.ActiveCfg = Release|Any CPU
		{5CBB42FE-8E22-48D7-9464-11BC8505CE24}.Release|Any CPU.Build.0 = Release|Any CPU
		{A2C17130-9EFE-4EC8-A421-B20626E24798}.Debug|Any CPU.ActiveCfg = Debug|Any CPU
		{A2C17130-9EFE-4EC8-A421-B20626E24798}.Debug|Any CPU.Build.0 = Debug|Any CPU
		{A2C17130-9EFE-4EC8-A421-B20626E24798}.Release|Any CPU.ActiveCfg = Release|Any CPU
		{A2C17130-9EFE-4EC8-A421-B20626E24798}.Release|Any CPU.Build.0 = Release|Any CPU
		{D44C949B-5DC6-4F26-A382-EA6CEDE12855}.Debug|Any CPU.ActiveCfg = Debug|Any CPU
		{D44C949B-5DC6-4F26-A382-EA6CEDE12855}.Debug|Any CPU.Build.0 = Debug|Any CPU
		{D44C949B-5DC6-4F26-A382-EA6CEDE12855}.Release|Any CPU.ActiveCfg = Release|Any CPU
		{D44C949B-5DC6-4F26-A382-EA6CEDE12855}.Release|Any CPU.Build.0 = Release|Any CPU
		{C071AB29-D9A4-4E5F-9ED2-21F8340F8F57}.Debug|Any CPU.ActiveCfg = Debug|Any CPU
		{C071AB29-D9A4-4E5F-9ED2-21F8340F8F57}.Debug|Any CPU.Build.0 = Debug|Any CPU
		{C071AB29-D9A4-4E5F-9ED2-21F8340F8F57}.Release|Any CPU.ActiveCfg = Release|Any CPU
		{C071AB29-D9A4-4E5F-9ED2-21F8340F8F57}.Release|Any CPU.Build.0 = Release|Any CPU
		{3C34FB4B-45A3-450A-8371-C8B76FD3EF5E}.Debug|Any CPU.ActiveCfg = Debug|Any CPU
		{3C34FB4B-45A3-450A-8371-C8B76FD3EF5E}.Debug|Any CPU.Build.0 = Debug|Any CPU
		{3C34FB4B-45A3-450A-8371-C8B76FD3EF5E}.Release|Any CPU.ActiveCfg = Release|Any CPU
		{3C34FB4B-45A3-450A-8371-C8B76FD3EF5E}.Release|Any CPU.Build.0 = Release|Any CPU
	EndGlobalSection
	GlobalSection(SolutionProperties) = preSolution
		HideSolutionNode = FALSE
	EndGlobalSection
EndGlobal
